
Microsoft Visual Studio Solution File, Format Version 12.00
# Visual Studio Version 17
VisualStudioVersion = 17.5.002.0
MinimumVisualStudioVersion = 10.0.40219.1
Project("{9A19103F-16F7-4668-BE54-9A1E7A4F7556}") = "githubtest", "githubtest.csproj", "{8FC2982E-E045-420D-9E9C-A89CCC309F86}"
EndProject
Global
	GlobalSection(SolutionConfigurationPlatforms) = preSolution
		Debug|Any CPU = Debug|Any CPU
		Release|Any CPU = Release|Any CPU
	EndGlobalSection
	GlobalSection(ProjectConfigurationPlatforms) = postSolution
		{8FC2982E-E045-420D-9E9C-A89CCC309F86}.Debug|Any CPU.ActiveCfg = Debug|Any CPU
		{8FC2982E-E045-420D-9E9C-A89CCC309F86}.Debug|Any CPU.Build.0 = Debug|Any CPU
		{8FC2982E-E045-420D-9E9C-A89CCC309F86}.Release|Any CPU.ActiveCfg = Release|Any CPU
		{8FC2982E-E045-420D-9E9C-A89CCC309F86}.Release|Any CPU.Build.0 = Release|Any CPU
	EndGlobalSection
	GlobalSection(SolutionProperties) = preSolution
		HideSolutionNode = FALSE
	EndGlobalSection
	GlobalSection(ExtensibilityGlobals) = postSolution
		SolutionGuid = {6164AD0A-19A1-404E-B6B7-23D75D0353CA}
	EndGlobalSection
EndGlobal
